
Microsoft Visual Studio Solution File, Format Version 11.00
# Visual Studio 2010
Project("{8BC9CEB8-8B4A-11D0-8D11-00A0C91BC942}") = "Inventario", "Inventario\Inventario.vcxproj", "{23A50E58-1D7C-4689-96C9-689CFFD23ADB}"
EndProject
Global
	GlobalSection(SolutionConfigurationPlatforms) = preSolution
		Debug|Win32 = Debug|Win32
		Debug|x64 = Debug|x64
		Inventario|Win32 = Inventario|Win32
		Inventario|x64 = Inventario|x64
		Release|Win32 = Release|Win32
		Release|x64 = Release|x64
	EndGlobalSection
	GlobalSection(ProjectConfigurationPlatforms) = postSolution
		{23A50E58-1D7C-4689-96C9-689CFFD23ADB}.Debug|Win32.ActiveCfg = Release|Win32
		{23A50E58-1D7C-4689-96C9-689CFFD23ADB}.Debug|Win32.Build.0 = Release|Win32
		{23A50E58-1D7C-4689-96C9-689CFFD23ADB}.Debug|x64.ActiveCfg = Debug|x64
		{23A50E58-1D7C-4689-96C9-689CFFD23ADB}.Debug|x64.Build.0 = Debug|x64
		{23A50E58-1D7C-4689-96C9-689CFFD23ADB}.Inventario|Win32.ActiveCfg = Inventario|Win32
		{23A50E58-1D7C-4689-96C9-689CFFD23ADB}.Inventario|Win32.Build.0 = Inventario|Win32
		{23A50E58-1D7C-4689-96C9-689CFFD23ADB}.Inventario|x64.ActiveCfg = Inventario|x64
		{23A50E58-1D7C-4689-96C9-689CFFD23ADB}.Inventario|x64.Build.0 = Inventario|x64
		{23A50E58-1D7C-4689-96C9-689CFFD23ADB}.Release|Win32.ActiveCfg = Release|Win32
		{23A50E58-1D7C-4689-96C9-689CFFD23ADB}.Release|Win32.Build.0 = Release|Win32
		{23A50E58-1D7C-4689-96C9-689CFFD23ADB}.Release|x64.ActiveCfg = Release|x64
		{23A50E58-1D7C-4689-96C9-689CFFD23ADB}.Release|x64.Build.0 = Release|x64
	EndGlobalSection
	GlobalSection(SolutionProperties) = preSolution
		HideSolutionNode = FALSE
	EndGlobalSection
EndGlobal
